
Microsoft Visual Studio Solution File, Format Version 12.00
# Visual Studio 15
VisualStudioVersion = 15.0.28010.0
MinimumVisualStudioVersion = 10.0.40219.1
Project("{FAE04EC0-301F-11D3-BF4B-00C04F79EFBC}") = "Week7Lab28", "Week7Lab28\Week7Lab28.csproj", "{3B6B65BF-A694-4471-8D55-9380E3790841}"
EndProject
Project("{FAE04EC0-301F-11D3-BF4B-00C04F79EFBC}") = "Week7Lab28.Tests", "Week7Lab28.Tests\Week7Lab28.Tests.csproj", "{AD9F6DE9-02C0-4128-AF9B-C0B832BA40C9}"
EndProject
Global
	GlobalSection(SolutionConfigurationPlatforms) = preSolution
		Debug|Any CPU = Debug|Any CPU
		Release|Any CPU = Release|Any CPU
	EndGlobalSection
	GlobalSection(ProjectConfigurationPlatforms) = postSolution
		{3B6B65BF-A694-4471-8D55-9380E3790841}.Debug|Any CPU.ActiveCfg = Debug|Any CPU
		{3B6B65BF-A694-4471-8D55-9380E3790841}.Debug|Any CPU.Build.0 = Debug|Any CPU
		{3B6B65BF-A694-4471-8D55-9380E3790841}.Release|Any CPU.ActiveCfg = Release|Any CPU
		{3B6B65BF-A694-4471-8D55-9380E3790841}.Release|Any CPU.Build.0 = Release|Any CPU
		{AD9F6DE9-02C0-4128-AF9B-C0B832BA40C9}.Debug|Any CPU.ActiveCfg = Debug|Any CPU
		{AD9F6DE9-02C0-4128-AF9B-C0B832BA40C9}.Debug|Any CPU.Build.0 = Debug|Any CPU
		{AD9F6DE9-02C0-4128-AF9B-C0B832BA40C9}.Release|Any CPU.ActiveCfg = Release|Any CPU
		{AD9F6DE9-02C0-4128-AF9B-C0B832BA40C9}.Release|Any CPU.Build.0 = Release|Any CPU
	EndGlobalSection
	GlobalSection(SolutionProperties) = preSolution
		HideSolutionNode = FALSE
	EndGlobalSection
	GlobalSection(ExtensibilityGlobals) = postSolution
		SolutionGuid = {2AD0B1A4-2A14-418F-967D-14F5E5273AF8}
	EndGlobalSection
EndGlobal
